
Microsoft Visual Studio Solution File, Format Version 12.00
# Visual Studio 15
VisualStudioVersion = 15.0.27130.2026
MinimumVisualStudioVersion = 10.0.40219.1
Project("{FAE04EC0-301F-11D3-BF4B-00C04F79EFBC}") = "MicroFx.Core", "MicroFx.Core\MicroFx.Core.csproj", "{0D87F265-F44B-4216-A7A4-9412FCEE8904}"
EndProject
Project("{FAE04EC0-301F-11D3-BF4B-00C04F79EFBC}") = "MicroFx.Logging", "MicroFx.Logging\MicroFx.Logging.csproj", "{0EB152ED-0852-4BE6-B6AC-56F406F1541A}"
EndProject
Global
	GlobalSection(SolutionConfigurationPlatforms) = preSolution
		Debug|Any CPU = Debug|Any CPU
		Release|Any CPU = Release|Any CPU
	EndGlobalSection
	GlobalSection(ProjectConfigurationPlatforms) = postSolution
		{0D87F265-F44B-4216-A7A4-9412FCEE8904}.Debug|Any CPU.ActiveCfg = Debug|Any CPU
		{0D87F265-F44B-4216-A7A4-9412FCEE8904}.Debug|Any CPU.Build.0 = Debug|Any CPU
		{0D87F265-F44B-4216-A7A4-9412FCEE8904}.Release|Any CPU.ActiveCfg = Release|Any CPU
		{0D87F265-F44B-4216-A7A4-9412FCEE8904}.Release|Any CPU.Build.0 = Release|Any CPU
		{0EB152ED-0852-4BE6-B6AC-56F406F1541A}.Debug|Any CPU.ActiveCfg = Debug|Any CPU
		{0EB152ED-0852-4BE6-B6AC-56F406F1541A}.Debug|Any CPU.Build.0 = Debug|Any CPU
		{0EB152ED-0852-4BE6-B6AC-56F406F1541A}.Release|Any CPU.ActiveCfg = Release|Any CPU
		{0EB152ED-0852-4BE6-B6AC-56F406F1541A}.Release|Any CPU.Build.0 = Release|Any CPU
	EndGlobalSection
	GlobalSection(SolutionProperties) = preSolution
		HideSolutionNode = FALSE
	EndGlobalSection
	GlobalSection(ExtensibilityGlobals) = postSolution
		SolutionGuid = {FB67ECBD-7683-421B-BBE4-D2177A4B9613}
	EndGlobalSection
EndGlobal
