
Microsoft Visual Studio Solution File, Format Version 12.00
# Visual Studio 15
VisualStudioVersion = 15.0.27130.2036
MinimumVisualStudioVersion = 10.0.40219.1
Project("{9A19103F-16F7-4668-BE54-9A1E7A4F7556}") = "MicroFx.Core", "MicroFx.Core\MicroFx.Core.csproj", "{0D87F265-F44B-4216-A7A4-9412FCEE8904}"
EndProject
Project("{9A19103F-16F7-4668-BE54-9A1E7A4F7556}") = "MicroFx.Logging", "MicroFx.Logging\MicroFx.Logging.csproj", "{0EB152ED-0852-4BE6-B6AC-56F406F1541A}"
EndProject
Project("{9A19103F-16F7-4668-BE54-9A1E7A4F7556}") = "MicroFx.KVStore", "MicroFx.KVStore\MicroFx.KVStore.csproj", "{D091A903-E8DF-4235-B760-061D92B2C2E7}"
EndProject
Project("{2150E333-8FDC-42A3-9474-1A3956D46DE8}") = "Logging", "Logging", "{B30C83B6-AC61-43CC-A9F6-0EC19787DC02}"
EndProject
Project("{2150E333-8FDC-42A3-9474-1A3956D46DE8}") = "KVStore", "KVStore", "{B667ACF5-11E5-49F4-8C3C-3A273B035517}"
EndProject
Project("{9A19103F-16F7-4668-BE54-9A1E7A4F7556}") = "MicroFx.Logging.File", "MicroFx.Logging.File\MicroFx.Logging.File.csproj", "{41EACF83-B945-44C0-A8F7-AF9F798F9B55}"
EndProject
Project("{9A19103F-16F7-4668-BE54-9A1E7A4F7556}") = "MicroFx.Mapper", "MicroFx.Mapper\MicroFx.Mapper.csproj", "{55A46164-7C5F-4DFA-B61C-90687E023CEA}"
EndProject
Project("{2150E333-8FDC-42A3-9474-1A3956D46DE8}") = "Mapper", "Mapper", "{575D417D-E733-4D9E-AEDA-8854BB49B724}"
EndProject
Project("{9A19103F-16F7-4668-BE54-9A1E7A4F7556}") = "TestMapper", "TestMapper\TestMapper.csproj", "{4B2407BC-4178-49C1-8362-3436FFCC9CDA}"
EndProject
Project("{2150E333-8FDC-42A3-9474-1A3956D46DE8}") = "Data", "Data", "{B6C1BF30-71C5-423D-B4CF-BEB3508FD5A5}"
EndProject
Project("{9A19103F-16F7-4668-BE54-9A1E7A4F7556}") = "MicroFx.Dapper", "MicroFx.Dapper\MicroFx.Dapper.csproj", "{D0963FF5-FF7F-48BB-AFEF-C40A42A9A859}"
EndProject
Project("{2150E333-8FDC-42A3-9474-1A3956D46DE8}") = "IoC", "IoC", "{964F96B4-3432-4596-BC21-1010BB2A007A}"
EndProject
Project("{2150E333-8FDC-42A3-9474-1A3956D46DE8}") = "Dapper", "Dapper", "{9935B5A6-8EFF-4743-ADB0-CEDFE52808B3}"
EndProject
Project("{2150E333-8FDC-42A3-9474-1A3956D46DE8}") = "EF", "EF", "{2942FFBB-A486-421F-AF4F-654B23ED392D}"
EndProject
Project("{9A19103F-16F7-4668-BE54-9A1E7A4F7556}") = "MicroFx.EFCore.RemoveForeignKey", "MicroFx.EFCore.RemoveForeignKey\MicroFx.EFCore.RemoveForeignKey.csproj", "{0486D52F-448C-43DF-B2AE-9D74F0B7AE4B}"
EndProject
Project("{9A19103F-16F7-4668-BE54-9A1E7A4F7556}") = "MicroFx.EFCore.RemoveForeignKey,SqlServer", "Micro.EntityFrameworkCore.RemoveForeignKey,SqlServer\MicroFx.EFCore.RemoveForeignKey,SqlServer.csproj", "{B2CA1961-DCD6-4F28-BFFC-0EAF8F6AC7E3}"
EndProject
Project("{9A19103F-16F7-4668-BE54-9A1E7A4F7556}") = "MicroFx.EFCore.RemoveForeignKey.MySql", "Micro.EntityFrameworkCore.RemoveForeignKey.MySql\MicroFx.EFCore.RemoveForeignKey.MySql.csproj", "{B19338CE-170E-4009-809B-19561E5F6A79}"
EndProject
Global
	GlobalSection(SolutionConfigurationPlatforms) = preSolution
		Debug|Any CPU = Debug|Any CPU
		Release|Any CPU = Release|Any CPU
	EndGlobalSection
	GlobalSection(ProjectConfigurationPlatforms) = postSolution
		{0D87F265-F44B-4216-A7A4-9412FCEE8904}.Debug|Any CPU.ActiveCfg = Debug|Any CPU
		{0D87F265-F44B-4216-A7A4-9412FCEE8904}.Debug|Any CPU.Build.0 = Debug|Any CPU
		{0D87F265-F44B-4216-A7A4-9412FCEE8904}.Release|Any CPU.ActiveCfg = Release|Any CPU
		{0D87F265-F44B-4216-A7A4-9412FCEE8904}.Release|Any CPU.Build.0 = Release|Any CPU
		{0EB152ED-0852-4BE6-B6AC-56F406F1541A}.Debug|Any CPU.ActiveCfg = Debug|Any CPU
		{0EB152ED-0852-4BE6-B6AC-56F406F1541A}.Debug|Any CPU.Build.0 = Debug|Any CPU
		{0EB152ED-0852-4BE6-B6AC-56F406F1541A}.Release|Any CPU.ActiveCfg = Release|Any CPU
		{0EB152ED-0852-4BE6-B6AC-56F406F1541A}.Release|Any CPU.Build.0 = Release|Any CPU
		{D091A903-E8DF-4235-B760-061D92B2C2E7}.Debug|Any CPU.ActiveCfg = Debug|Any CPU
		{D091A903-E8DF-4235-B760-061D92B2C2E7}.Debug|Any CPU.Build.0 = Debug|Any CPU
		{D091A903-E8DF-4235-B760-061D92B2C2E7}.Release|Any CPU.ActiveCfg = Release|Any CPU
		{D091A903-E8DF-4235-B760-061D92B2C2E7}.Release|Any CPU.Build.0 = Release|Any CPU
		{41EACF83-B945-44C0-A8F7-AF9F798F9B55}.Debug|Any CPU.ActiveCfg = Debug|Any CPU
		{41EACF83-B945-44C0-A8F7-AF9F798F9B55}.Debug|Any CPU.Build.0 = Debug|Any CPU
		{41EACF83-B945-44C0-A8F7-AF9F798F9B55}.Release|Any CPU.ActiveCfg = Release|Any CPU
		{41EACF83-B945-44C0-A8F7-AF9F798F9B55}.Release|Any CPU.Build.0 = Release|Any CPU
		{55A46164-7C5F-4DFA-B61C-90687E023CEA}.Debug|Any CPU.ActiveCfg = Debug|Any CPU
		{55A46164-7C5F-4DFA-B61C-90687E023CEA}.Debug|Any CPU.Build.0 = Debug|Any CPU
		{55A46164-7C5F-4DFA-B61C-90687E023CEA}.Release|Any CPU.ActiveCfg = Release|Any CPU
		{55A46164-7C5F-4DFA-B61C-90687E023CEA}.Release|Any CPU.Build.0 = Release|Any CPU
		{4B2407BC-4178-49C1-8362-3436FFCC9CDA}.Debug|Any CPU.ActiveCfg = Debug|Any CPU
		{4B2407BC-4178-49C1-8362-3436FFCC9CDA}.Debug|Any CPU.Build.0 = Debug|Any CPU
		{4B2407BC-4178-49C1-8362-3436FFCC9CDA}.Release|Any CPU.ActiveCfg = Release|Any CPU
		{4B2407BC-4178-49C1-8362-3436FFCC9CDA}.Release|Any CPU.Build.0 = Release|Any CPU
		{D0963FF5-FF7F-48BB-AFEF-C40A42A9A859}.Debug|Any CPU.ActiveCfg = Debug|Any CPU
		{D0963FF5-FF7F-48BB-AFEF-C40A42A9A859}.Debug|Any CPU.Build.0 = Debug|Any CPU
		{D0963FF5-FF7F-48BB-AFEF-C40A42A9A859}.Release|Any CPU.ActiveCfg = Release|Any CPU
		{D0963FF5-FF7F-48BB-AFEF-C40A42A9A859}.Release|Any CPU.Build.0 = Release|Any CPU
		{0486D52F-448C-43DF-B2AE-9D74F0B7AE4B}.Debug|Any CPU.ActiveCfg = Debug|Any CPU
		{0486D52F-448C-43DF-B2AE-9D74F0B7AE4B}.Debug|Any CPU.Build.0 = Debug|Any CPU
		{0486D52F-448C-43DF-B2AE-9D74F0B7AE4B}.Release|Any CPU.ActiveCfg = Release|Any CPU
		{0486D52F-448C-43DF-B2AE-9D74F0B7AE4B}.Release|Any CPU.Build.0 = Release|Any CPU
		{B2CA1961-DCD6-4F28-BFFC-0EAF8F6AC7E3}.Debug|Any CPU.ActiveCfg = Debug|Any CPU
		{B2CA1961-DCD6-4F28-BFFC-0EAF8F6AC7E3}.Debug|Any CPU.Build.0 = Debug|Any CPU
		{B2CA1961-DCD6-4F28-BFFC-0EAF8F6AC7E3}.Release|Any CPU.ActiveCfg = Release|Any CPU
		{B2CA1961-DCD6-4F28-BFFC-0EAF8F6AC7E3}.Release|Any CPU.Build.0 = Release|Any CPU
		{B19338CE-170E-4009-809B-19561E5F6A79}.Debug|Any CPU.ActiveCfg = Debug|Any CPU
		{B19338CE-170E-4009-809B-19561E5F6A79}.Debug|Any CPU.Build.0 = Debug|Any CPU
		{B19338CE-170E-4009-809B-19561E5F6A79}.Release|Any CPU.ActiveCfg = Release|Any CPU
		{B19338CE-170E-4009-809B-19561E5F6A79}.Release|Any CPU.Build.0 = Release|Any CPU
	EndGlobalSection
	GlobalSection(SolutionProperties) = preSolution
		HideSolutionNode = FALSE
	EndGlobalSection
	GlobalSection(NestedProjects) = preSolution
		{0EB152ED-0852-4BE6-B6AC-56F406F1541A} = {B30C83B6-AC61-43CC-A9F6-0EC19787DC02}
		{D091A903-E8DF-4235-B760-061D92B2C2E7} = {B667ACF5-11E5-49F4-8C3C-3A273B035517}
		{41EACF83-B945-44C0-A8F7-AF9F798F9B55} = {B30C83B6-AC61-43CC-A9F6-0EC19787DC02}
		{55A46164-7C5F-4DFA-B61C-90687E023CEA} = {575D417D-E733-4D9E-AEDA-8854BB49B724}
		{4B2407BC-4178-49C1-8362-3436FFCC9CDA} = {575D417D-E733-4D9E-AEDA-8854BB49B724}
		{D0963FF5-FF7F-48BB-AFEF-C40A42A9A859} = {9935B5A6-8EFF-4743-ADB0-CEDFE52808B3}
		{9935B5A6-8EFF-4743-ADB0-CEDFE52808B3} = {B6C1BF30-71C5-423D-B4CF-BEB3508FD5A5}
		{2942FFBB-A486-421F-AF4F-654B23ED392D} = {B6C1BF30-71C5-423D-B4CF-BEB3508FD5A5}
		{0486D52F-448C-43DF-B2AE-9D74F0B7AE4B} = {2942FFBB-A486-421F-AF4F-654B23ED392D}
		{B2CA1961-DCD6-4F28-BFFC-0EAF8F6AC7E3} = {2942FFBB-A486-421F-AF4F-654B23ED392D}
		{B19338CE-170E-4009-809B-19561E5F6A79} = {2942FFBB-A486-421F-AF4F-654B23ED392D}
	EndGlobalSection
	GlobalSection(ExtensibilityGlobals) = postSolution
		SolutionGuid = {FB67ECBD-7683-421B-BBE4-D2177A4B9613}
	EndGlobalSection
EndGlobal
